
Microsoft Visual Studio Solution File, Format Version 12.00
# Visual Studio Version 16
VisualStudioVersion = 16.0.30011.22
MinimumVisualStudioVersion = 10.0.40219.1
Project("{FAE04EC0-301F-11D3-BF4B-00C04F79EFBC}") = "Vip.Notification", "Vip.Notification\Vip.Notification.csproj", "{5BB52A34-7232-4731-951B-A2D522B4EADB}"
EndProject
Project("{FAE04EC0-301F-11D3-BF4B-00C04F79EFBC}") = "Vip.Notification.Demo", "Vip.Notification.Demo\Vip.Notification.Demo.csproj", "{085C34A3-7322-4ECC-93BF-252110B0BDE2}"
EndProject
Global
	GlobalSection(SolutionConfigurationPlatforms) = preSolution
		Debug|Any CPU = Debug|Any CPU
		Release|Any CPU = Release|Any CPU
	EndGlobalSection
	GlobalSection(ProjectConfigurationPlatforms) = postSolution
		{5BB52A34-7232-4731-951B-A2D522B4EADB}.Debug|Any CPU.ActiveCfg = Debug|Any CPU
		{5BB52A34-7232-4731-951B-A2D522B4EADB}.Debug|Any CPU.Build.0 = Debug|Any CPU
		{5BB52A34-7232-4731-951B-A2D522B4EADB}.Release|Any CPU.ActiveCfg = Release|Any CPU
		{5BB52A34-7232-4731-951B-A2D522B4EADB}.Release|Any CPU.Build.0 = Release|Any CPU
		{085C34A3-7322-4ECC-93BF-252110B0BDE2}.Debug|Any CPU.ActiveCfg = Debug|Any CPU
		{085C34A3-7322-4ECC-93BF-252110B0BDE2}.Debug|Any CPU.Build.0 = Debug|Any CPU
		{085C34A3-7322-4ECC-93BF-252110B0BDE2}.Release|Any CPU.ActiveCfg = Release|Any CPU
		{085C34A3-7322-4ECC-93BF-252110B0BDE2}.Release|Any CPU.Build.0 = Release|Any CPU
	EndGlobalSection
	GlobalSection(SolutionProperties) = preSolution
		HideSolutionNode = FALSE
	EndGlobalSection
	GlobalSection(ExtensibilityGlobals) = postSolution
		SolutionGuid = {C6AD58CE-7DDB-484E-9A20-159F3CF410E4}
	EndGlobalSection
EndGlobal
